
Microsoft Visual Studio Solution File, Format Version 12.00
# Visual Studio 14
VisualStudioVersion = 14.0.25123.0
MinimumVisualStudioVersion = 10.0.40219.1
Project("{FAE04EC0-301F-11D3-BF4B-00C04F79EFBC}") = "EmployeeMobileApp.Droid", "EmployeeMobileApp\EmployeeMobileApp.Droid\EmployeeMobileApp.Droid.csproj", "{84F39363-A126-4208-A777-8B7AD723E788}"
EndProject
Project("{FAE04EC0-301F-11D3-BF4B-00C04F79EFBC}") = "EmployeeMobileApp.iOS", "EmployeeMobileApp\EmployeeMobileApp.iOS\EmployeeMobileApp.iOS.csproj", "{EDA891D0-501B-44A3-BA83-BD12F86775AD}"
EndProject
Project("{FAE04EC0-301F-11D3-BF4B-00C04F79EFBC}") = "EmployeeMobileApp.WinPhone", "EmployeeMobileApp\EmployeeMobileApp.WinPhone\EmployeeMobileApp.WinPhone.csproj", "{C3EC2344-7675-4097-95BF-2BD95306EE97}"
EndProject
Project("{FAE04EC0-301F-11D3-BF4B-00C04F79EFBC}") = "EmployeeMobileApp.UWP", "EmployeeMobileApp\EmployeeMobileApp.UWP\EmployeeMobileApp.UWP.csproj", "{A8DBB634-FEED-4EBF-A909-6E060087DA18}"
EndProject
Project("{FAE04EC0-301F-11D3-BF4B-00C04F79EFBC}") = "EmployeeMobileApp.Windows", "EmployeeMobileApp\EmployeeMobileApp.Windows\EmployeeMobileApp.Windows.csproj", "{5C6984EC-C843-4C28-AD0E-212608C63D54}"
EndProject
Project("{D954291E-2A0B-460D-934E-DC6B0785DB48}") = "EmployeeMobileApp", "EmployeeMobileApp\EmployeeMobileApp\EmployeeMobileApp.shproj", "{4E487FF0-C7B3-4AF6-B4C1-D1D471599BA9}"
EndProject
Global
	GlobalSection(SharedMSBuildProjectFiles) = preSolution
		EmployeeMobileApp\EmployeeMobileApp\EmployeeMobileApp.projitems*{c3ec2344-7675-4097-95bf-2bd95306ee97}*SharedItemsImports = 4
		EmployeeMobileApp\EmployeeMobileApp\EmployeeMobileApp.projitems*{84f39363-a126-4208-a777-8b7ad723e788}*SharedItemsImports = 4
		EmployeeMobileApp\EmployeeMobileApp\EmployeeMobileApp.projitems*{5c6984ec-c843-4c28-ad0e-212608c63d54}*SharedItemsImports = 4
		EmployeeMobileApp\EmployeeMobileApp\EmployeeMobileApp.projitems*{eda891d0-501b-44a3-ba83-bd12f86775ad}*SharedItemsImports = 4
		EmployeeMobileApp\EmployeeMobileApp\EmployeeMobileApp.projitems*{a8dbb634-feed-4ebf-a909-6e060087da18}*SharedItemsImports = 4
		EmployeeMobileApp\EmployeeMobileApp\EmployeeMobileApp.projitems*{4e487ff0-c7b3-4af6-b4c1-d1d471599ba9}*SharedItemsImports = 13
	EndGlobalSection
	GlobalSection(SolutionConfigurationPlatforms) = preSolution
		Ad-Hoc|Any CPU = Ad-Hoc|Any CPU
		Ad-Hoc|ARM = Ad-Hoc|ARM
		Ad-Hoc|iPhone = Ad-Hoc|iPhone
		Ad-Hoc|iPhoneSimulator = Ad-Hoc|iPhoneSimulator
		Ad-Hoc|x64 = Ad-Hoc|x64
		Ad-Hoc|x86 = Ad-Hoc|x86
		AppStore|Any CPU = AppStore|Any CPU
		AppStore|ARM = AppStore|ARM
		AppStore|iPhone = AppStore|iPhone
		AppStore|iPhoneSimulator = AppStore|iPhoneSimulator
		AppStore|x64 = AppStore|x64
		AppStore|x86 = AppStore|x86
		Debug|Any CPU = Debug|Any CPU
		Debug|ARM = Debug|ARM
		Debug|iPhone = Debug|iPhone
		Debug|iPhoneSimulator = Debug|iPhoneSimulator
		Debug|x64 = Debug|x64
		Debug|x86 = Debug|x86
		Release|Any CPU = Release|Any CPU
		Release|ARM = Release|ARM
		Release|iPhone = Release|iPhone
		Release|iPhoneSimulator = Release|iPhoneSimulator
		Release|x64 = Release|x64
		Release|x86 = Release|x86
	EndGlobalSection
	GlobalSection(ProjectConfigurationPlatforms) = postSolution
		{84F39363-A126-4208-A777-8B7AD723E788}.Ad-Hoc|Any CPU.ActiveCfg = Release|Any CPU
		{84F39363-A126-4208-A777-8B7AD723E788}.Ad-Hoc|Any CPU.Build.0 = Release|Any CPU
		{84F39363-A126-4208-A777-8B7AD723E788}.Ad-Hoc|Any CPU.Deploy.0 = Release|Any CPU
		{84F39363-A126-4208-A777-8B7AD723E788}.Ad-Hoc|ARM.ActiveCfg = Release|Any CPU
		{84F39363-A126-4208-A777-8B7AD723E788}.Ad-Hoc|ARM.Build.0 = Release|Any CPU
		{84F39363-A126-4208-A777-8B7AD723E788}.Ad-Hoc|ARM.Deploy.0 = Release|Any CPU
		{84F39363-A126-4208-A777-8B7AD723E788}.Ad-Hoc|iPhone.ActiveCfg = Release|Any CPU
		{84F39363-A126-4208-A777-8B7AD723E788}.Ad-Hoc|iPhone.Build.0 = Release|Any CPU
		{84F39363-A126-4208-A777-8B7AD723E788}.Ad-Hoc|iPhone.Deploy.0 = Release|Any CPU
		{84F39363-A126-4208-A777-8B7AD723E788}.Ad-Hoc|iPhoneSimulator.ActiveCfg = Release|Any CPU
		{84F39363-A126-4208-A777-8B7AD723E788}.Ad-Hoc|iPhoneSimulator.Build.0 = Release|Any CPU
		{84F39363-A126-4208-A777-8B7AD723E788}.Ad-Hoc|iPhoneSimulator.Deploy.0 = Release|Any CPU
		{84F39363-A126-4208-A777-8B7AD723E788}.Ad-Hoc|x64.ActiveCfg = Release|Any CPU
		{84F39363-A126-4208-A777-8B7AD723E788}.Ad-Hoc|x64.Build.0 = Release|Any CPU
		{84F39363-A126-4208-A777-8B7AD723E788}.Ad-Hoc|x64.Deploy.0 = Release|Any CPU
		{84F39363-A126-4208-A777-8B7AD723E788}.Ad-Hoc|x86.ActiveCfg = Release|Any CPU
		{84F39363-A126-4208-A777-8B7AD723E788}.Ad-Hoc|x86.Build.0 = Release|Any CPU
		{84F39363-A126-4208-A777-8B7AD723E788}.Ad-Hoc|x86.Deploy.0 = Release|Any CPU
		{84F39363-A126-4208-A777-8B7AD723E788}.AppStore|Any CPU.ActiveCfg = Release|Any CPU
		{84F39363-A126-4208-A777-8B7AD723E788}.AppStore|Any CPU.Build.0 = Release|Any CPU
		{84F39363-A126-4208-A777-8B7AD723E788}.AppStore|Any CPU.Deploy.0 = Release|Any CPU
		{84F39363-A126-4208-A777-8B7AD723E788}.AppStore|ARM.ActiveCfg = Release|Any CPU
		{84F39363-A126-4208-A777-8B7AD723E788}.AppStore|ARM.Build.0 = Release|Any CPU
		{84F39363-A126-4208-A777-8B7AD723E788}.AppStore|ARM.Deploy.0 = Release|Any CPU
		{84F39363-A126-4208-A777-8B7AD723E788}.AppStore|iPhone.ActiveCfg = Release|Any CPU
		{84F39363-A126-4208-A777-8B7AD723E788}.AppStore|iPhone.Build.0 = Release|Any CPU
		{84F39363-A126-4208-A777-8B7AD723E788}.AppStore|iPhone.Deploy.0 = Release|Any CPU
		{84F39363-A126-4208-A777-8B7AD723E788}.AppStore|iPhoneSimulator.ActiveCfg = Release|Any CPU
		{84F39363-A126-4208-A777-8B7AD723E788}.AppStore|iPhoneSimulator.Build.0 = Release|Any CPU
		{84F39363-A126-4208-A777-8B7AD723E788}.AppStore|iPhoneSimulator.Deploy.0 = Release|Any CPU
		{84F39363-A126-4208-A777-8B7AD723E788}.AppStore|x64.ActiveCfg = Release|Any CPU
		{84F39363-A126-4208-A777-8B7AD723E788}.AppStore|x64.Build.0 = Release|Any CPU
		{84F39363-A126-4208-A777-8B7AD723E788}.AppStore|x64.Deploy.0 = Release|Any CPU
		{84F39363-A126-4208-A777-8B7AD723E788}.AppStore|x86.ActiveCfg = Release|Any CPU
		{84F39363-A126-4208-A777-8B7AD723E788}.AppStore|x86.Build.0 = Release|Any CPU
		{84F39363-A126-4208-A777-8B7AD723E788}.AppStore|x86.Deploy.0 = Release|Any CPU
		{84F39363-A126-4208-A777-8B7AD723E788}.Debug|Any CPU.ActiveCfg = Debug|Any CPU
		{84F39363-A126-4208-A777-8B7AD723E788}.Debug|Any CPU.Build.0 = Debug|Any CPU
		{84F39363-A126-4208-A777-8B7AD723E788}.Debug|Any CPU.Deploy.0 = Debug|Any CPU
		{84F39363-A126-4208-A777-8B7AD723E788}.Debug|ARM.ActiveCfg = Debug|Any CPU
		{84F39363-A126-4208-A777-8B7AD723E788}.Debug|ARM.Build.0 = Debug|Any CPU
		{84F39363-A126-4208-A777-8B7AD723E788}.Debug|ARM.Deploy.0 = Debug|Any CPU
		{84F39363-A126-4208-A777-8B7AD723E788}.Debug|iPhone.ActiveCfg = Debug|Any CPU
		{84F39363-A126-4208-A777-8B7AD723E788}.Debug|iPhone.Build.0 = Debug|Any CPU
		{84F39363-A126-4208-A777-8B7AD723E788}.Debug|iPhone.Deploy.0 = Debug|Any CPU
		{84F39363-A126-4208-A777-8B7AD723E788}.Debug|iPhoneSimulator.ActiveCfg = Debug|Any CPU
		{84F39363-A126-4208-A777-8B7AD723E788}.Debug|iPhoneSimulator.Build.0 = Debug|Any CPU
		{84F39363-A126-4208-A777-8B7AD723E788}.Debug|iPhoneSimulator.Deploy.0 = Debug|Any CPU
		{84F39363-A126-4208-A777-8B7AD723E788}.Debug|x64.ActiveCfg = Debug|Any CPU
		{84F39363-A126-4208-A777-8B7AD723E788}.Debug|x64.Build.0 = Debug|Any CPU
		{84F39363-A126-4208-A777-8B7AD723E788}.Debug|x64.Deploy.0 = Debug|Any CPU
		{84F39363-A126-4208-A777-8B7AD723E788}.Debug|x86.ActiveCfg = Debug|Any CPU
		{84F39363-A126-4208-A777-8B7AD723E788}.Debug|x86.Build.0 = Debug|Any CPU
		{84F39363-A126-4208-A777-8B7AD723E788}.Debug|x86.Deploy.0 = Debug|Any CPU
		{84F39363-A126-4208-A777-8B7AD723E788}.Release|Any CPU.ActiveCfg = Release|Any CPU
		{84F39363-A126-4208-A777-8B7AD723E788}.Release|Any CPU.Build.0 = Release|Any CPU
		{84F39363-A126-4208-A777-8B7AD723E788}.Release|Any CPU.Deploy.0 = Release|Any CPU
		{84F39363-A126-4208-A777-8B7AD723E788}.Release|ARM.ActiveCfg = Release|Any CPU
		{84F39363-A126-4208-A777-8B7AD723E788}.Release|ARM.Build.0 = Release|Any CPU
		{84F39363-A126-4208-A777-8B7AD723E788}.Release|ARM.Deploy.0 = Release|Any CPU
		{84F39363-A126-4208-A777-8B7AD723E788}.Release|iPhone.ActiveCfg = Release|Any CPU
		{84F39363-A126-4208-A777-8B7AD723E788}.Release|iPhone.Build.0 = Release|Any CPU
		{84F39363-A126-4208-A777-8B7AD723E788}.Release|iPhone.Deploy.0 = Release|Any CPU
		{84F39363-A126-4208-A777-8B7AD723E788}.Release|iPhoneSimulator.ActiveCfg = Release|Any CPU
		{84F39363-A126-4208-A777-8B7AD723E788}.Release|iPhoneSimulator.Build.0 = Release|Any CPU
		{84F39363-A126-4208-A777-8B7AD723E788}.Release|iPhoneSimulator.Deploy.0 = Release|Any CPU
		{84F39363-A126-4208-A777-8B7AD723E788}.Release|x64.ActiveCfg = Release|Any CPU
		{84F39363-A126-4208-A777-8B7AD723E788}.Release|x64.Build.0 = Release|Any CPU
		{84F39363-A126-4208-A777-8B7AD723E788}.Release|x64.Deploy.0 = Release|Any CPU
		{84F39363-A126-4208-A777-8B7AD723E788}.Release|x86.ActiveCfg = Release|Any CPU
		{84F39363-A126-4208-A777-8B7AD723E788}.Release|x86.Build.0 = Release|Any CPU
		{84F39363-A126-4208-A777-8B7AD723E788}.Release|x86.Deploy.0 = Release|Any CPU
		{EDA891D0-501B-44A3-BA83-BD12F86775AD}.Ad-Hoc|Any CPU.ActiveCfg = Ad-Hoc|iPhone
		{EDA891D0-501B-44A3-BA83-BD12F86775AD}.Ad-Hoc|ARM.ActiveCfg = Ad-Hoc|iPhone
		{EDA891D0-501B-44A3-BA83-BD12F86775AD}.Ad-Hoc|iPhone.ActiveCfg = Ad-Hoc|iPhone
		{EDA891D0-501B-44A3-BA83-BD12F86775AD}.Ad-Hoc|iPhone.Build.0 = Ad-Hoc|iPhone
		{EDA891D0-501B-44A3-BA83-BD12F86775AD}.Ad-Hoc|iPhoneSimulator.ActiveCfg = Ad-Hoc|iPhoneSimulator
		{EDA891D0-501B-44A3-BA83-BD12F86775AD}.Ad-Hoc|iPhoneSimulator.Build.0 = Ad-Hoc|iPhoneSimulator
		{EDA891D0-501B-44A3-BA83-BD12F86775AD}.Ad-Hoc|x64.ActiveCfg = Ad-Hoc|iPhone
		{EDA891D0-501B-44A3-BA83-BD12F86775AD}.Ad-Hoc|x86.ActiveCfg = Ad-Hoc|iPhone
		{EDA891D0-501B-44A3-BA83-BD12F86775AD}.AppStore|Any CPU.ActiveCfg = AppStore|iPhone
		{EDA891D0-501B-44A3-BA83-BD12F86775AD}.AppStore|ARM.ActiveCfg = AppStore|iPhone
		{EDA891D0-501B-44A3-BA83-BD12F86775AD}.AppStore|iPhone.ActiveCfg = AppStore|iPhone
		{EDA891D0-501B-44A3-BA83-BD12F86775AD}.AppStore|iPhone.Build.0 = AppStore|iPhone
		{EDA891D0-501B-44A3-BA83-BD12F86775AD}.AppStore|iPhoneSimulator.ActiveCfg = AppStore|iPhoneSimulator
		{EDA891D0-501B-44A3-BA83-BD12F86775AD}.AppStore|iPhoneSimulator.Build.0 = AppStore|iPhoneSimulator
		{EDA891D0-501B-44A3-BA83-BD12F86775AD}.AppStore|x64.ActiveCfg = AppStore|iPhone
		{EDA891D0-501B-44A3-BA83-BD12F86775AD}.AppStore|x86.ActiveCfg = AppStore|iPhone
		{EDA891D0-501B-44A3-BA83-BD12F86775AD}.Debug|Any CPU.ActiveCfg = Debug|iPhone
		{EDA891D0-501B-44A3-BA83-BD12F86775AD}.Debug|ARM.ActiveCfg = Debug|iPhone
		{EDA891D0-501B-44A3-BA83-BD12F86775AD}.Debug|iPhone.ActiveCfg = Debug|iPhone
		{EDA891D0-501B-44A3-BA83-BD12F86775AD}.Debug|iPhone.Build.0 = Debug|iPhone
		{EDA891D0-501B-44A3-BA83-BD12F86775AD}.Debug|iPhoneSimulator.ActiveCfg = Debug|iPhoneSimulator
		{EDA891D0-501B-44A3-BA83-BD12F86775AD}.Debug|iPhoneSimulator.Build.0 = Debug|iPhoneSimulator
		{EDA891D0-501B-44A3-BA83-BD12F86775AD}.Debug|x64.ActiveCfg = Debug|iPhone
		{EDA891D0-501B-44A3-BA83-BD12F86775AD}.Debug|x86.ActiveCfg = Debug|iPhone
		{EDA891D0-501B-44A3-BA83-BD12F86775AD}.Release|Any CPU.ActiveCfg = Release|iPhone
		{EDA891D0-501B-44A3-BA83-BD12F86775AD}.Release|ARM.ActiveCfg = Release|iPhone
		{EDA891D0-501B-44A3-BA83-BD12F86775AD}.Release|iPhone.ActiveCfg = Release|iPhone
		{EDA891D0-501B-44A3-BA83-BD12F86775AD}.Release|iPhone.Build.0 = Release|iPhone
		{EDA891D0-501B-44A3-BA83-BD12F86775AD}.Release|iPhoneSimulator.ActiveCfg = Release|iPhoneSimulator
		{EDA891D0-501B-44A3-BA83-BD12F86775AD}.Release|iPhoneSimulator.Build.0 = Release|iPhoneSimulator
		{EDA891D0-501B-44A3-BA83-BD12F86775AD}.Release|x64.ActiveCfg = Release|iPhone
		{EDA891D0-501B-44A3-BA83-BD12F86775AD}.Release|x86.ActiveCfg = Release|iPhone
		{C3EC2344-7675-4097-95BF-2BD95306EE97}.Ad-Hoc|Any CPU.ActiveCfg = Release|Any CPU
		{C3EC2344-7675-4097-95BF-2BD95306EE97}.Ad-Hoc|Any CPU.Build.0 = Release|Any CPU
		{C3EC2344-7675-4097-95BF-2BD95306EE97}.Ad-Hoc|Any CPU.Deploy.0 = Release|Any CPU
		{C3EC2344-7675-4097-95BF-2BD95306EE97}.Ad-Hoc|ARM.ActiveCfg = Release|ARM
		{C3EC2344-7675-4097-95BF-2BD95306EE97}.Ad-Hoc|ARM.Build.0 = Release|ARM
		{C3EC2344-7675-4097-95BF-2BD95306EE97}.Ad-Hoc|ARM.Deploy.0 = Release|ARM
		{C3EC2344-7675-4097-95BF-2BD95306EE97}.Ad-Hoc|iPhone.ActiveCfg = Release|Any CPU
		{C3EC2344-7675-4097-95BF-2BD95306EE97}.Ad-Hoc|iPhone.Build.0 = Release|Any CPU
		{C3EC2344-7675-4097-95BF-2BD95306EE97}.Ad-Hoc|iPhone.Deploy.0 = Release|Any CPU
		{C3EC2344-7675-4097-95BF-2BD95306EE97}.Ad-Hoc|iPhoneSimulator.ActiveCfg = Release|Any CPU
		{C3EC2344-7675-4097-95BF-2BD95306EE97}.Ad-Hoc|iPhoneSimulator.Build.0 = Release|Any CPU
		{C3EC2344-7675-4097-95BF-2BD95306EE97}.Ad-Hoc|iPhoneSimulator.Deploy.0 = Release|Any CPU
		{C3EC2344-7675-4097-95BF-2BD95306EE97}.Ad-Hoc|x64.ActiveCfg = Release|Any CPU
		{C3EC2344-7675-4097-95BF-2BD95306EE97}.Ad-Hoc|x64.Build.0 = Release|Any CPU
		{C3EC2344-7675-4097-95BF-2BD95306EE97}.Ad-Hoc|x64.Deploy.0 = Release|Any CPU
		{C3EC2344-7675-4097-95BF-2BD95306EE97}.Ad-Hoc|x86.ActiveCfg = Release|x86
		{C3EC2344-7675-4097-95BF-2BD95306EE97}.Ad-Hoc|x86.Build.0 = Release|x86
		{C3EC2344-7675-4097-95BF-2BD95306EE97}.Ad-Hoc|x86.Deploy.0 = Release|x86
		{C3EC2344-7675-4097-95BF-2BD95306EE97}.AppStore|Any CPU.ActiveCfg = Release|Any CPU
		{C3EC2344-7675-4097-95BF-2BD95306EE97}.AppStore|Any CPU.Build.0 = Release|Any CPU
		{C3EC2344-7675-4097-95BF-2BD95306EE97}.AppStore|Any CPU.Deploy.0 = Release|Any CPU
		{C3EC2344-7675-4097-95BF-2BD95306EE97}.AppStore|ARM.ActiveCfg = Release|ARM
		{C3EC2344-7675-4097-95BF-2BD95306EE97}.AppStore|ARM.Build.0 = Release|ARM
		{C3EC2344-7675-4097-95BF-2BD95306EE97}.AppStore|ARM.Deploy.0 = Release|ARM
		{C3EC2344-7675-4097-95BF-2BD95306EE97}.AppStore|iPhone.ActiveCfg = Release|Any CPU
		{C3EC2344-7675-4097-95BF-2BD95306EE97}.AppStore|iPhone.Build.0 = Release|Any CPU
		{C3EC2344-7675-4097-95BF-2BD95306EE97}.AppStore|iPhone.Deploy.0 = Release|Any CPU
		{C3EC2344-7675-4097-95BF-2BD95306EE97}.AppStore|iPhoneSimulator.ActiveCfg = Release|Any CPU
		{C3EC2344-7675-4097-95BF-2BD95306EE97}.AppStore|iPhoneSimulator.Build.0 = Release|Any CPU
		{C3EC2344-7675-4097-95BF-2BD95306EE97}.AppStore|iPhoneSimulator.Deploy.0 = Release|Any CPU
		{C3EC2344-7675-4097-95BF-2BD95306EE97}.AppStore|x64.ActiveCfg = Release|Any CPU
		{C3EC2344-7675-4097-95BF-2BD95306EE97}.AppStore|x64.Build.0 = Release|Any CPU
		{C3EC2344-7675-4097-95BF-2BD95306EE97}.AppStore|x64.Deploy.0 = Release|Any CPU
		{C3EC2344-7675-4097-95BF-2BD95306EE97}.AppStore|x86.ActiveCfg = Release|x86
		{C3EC2344-7675-4097-95BF-2BD95306EE97}.AppStore|x86.Build.0 = Release|x86
		{C3EC2344-7675-4097-95BF-2BD95306EE97}.AppStore|x86.Deploy.0 = Release|x86
		{C3EC2344-7675-4097-95BF-2BD95306EE97}.Debug|Any CPU.ActiveCfg = Debug|Any CPU
		{C3EC2344-7675-4097-95BF-2BD95306EE97}.Debug|Any CPU.Build.0 = Debug|Any CPU
		{C3EC2344-7675-4097-95BF-2BD95306EE97}.Debug|Any CPU.Deploy.0 = Debug|Any CPU
		{C3EC2344-7675-4097-95BF-2BD95306EE97}.Debug|ARM.ActiveCfg = Debug|ARM
		{C3EC2344-7675-4097-95BF-2BD95306EE97}.Debug|ARM.Build.0 = Debug|ARM
		{C3EC2344-7675-4097-95BF-2BD95306EE97}.Debug|ARM.Deploy.0 = Debug|ARM
		{C3EC2344-7675-4097-95BF-2BD95306EE97}.Debug|iPhone.ActiveCfg = Debug|Any CPU
		{C3EC2344-7675-4097-95BF-2BD95306EE97}.Debug|iPhone.Build.0 = Debug|Any CPU
		{C3EC2344-7675-4097-95BF-2BD95306EE97}.Debug|iPhone.Deploy.0 = Debug|Any CPU
		{C3EC2344-7675-4097-95BF-2BD95306EE97}.Debug|iPhoneSimulator.ActiveCfg = Debug|Any CPU
		{C3EC2344-7675-4097-95BF-2BD95306EE97}.Debug|iPhoneSimulator.Build.0 = Debug|Any CPU
		{C3EC2344-7675-4097-95BF-2BD95306EE97}.Debug|iPhoneSimulator.Deploy.0 = Debug|Any CPU
		{C3EC2344-7675-4097-95BF-2BD95306EE97}.Debug|x64.ActiveCfg = Debug|Any CPU
		{C3EC2344-7675-4097-95BF-2BD95306EE97}.Debug|x64.Build.0 = Debug|Any CPU
		{C3EC2344-7675-4097-95BF-2BD95306EE97}.Debug|x64.Deploy.0 = Debug|Any CPU
		{C3EC2344-7675-4097-95BF-2BD95306EE97}.Debug|x86.ActiveCfg = Debug|x86
		{C3EC2344-7675-4097-95BF-2BD95306EE97}.Debug|x86.Build.0 = Debug|x86
		{C3EC2344-7675-4097-95BF-2BD95306EE97}.Debug|x86.Deploy.0 = Debug|x86
		{C3EC2344-7675-4097-95BF-2BD95306EE97}.Release|Any CPU.ActiveCfg = Release|Any CPU
		{C3EC2344-7675-4097-95BF-2BD95306EE97}.Release|Any CPU.Build.0 = Release|Any CPU
		{C3EC2344-7675-4097-95BF-2BD95306EE97}.Release|Any CPU.Deploy.0 = Release|Any CPU
		{C3EC2344-7675-4097-95BF-2BD95306EE97}.Release|ARM.ActiveCfg = Release|ARM
		{C3EC2344-7675-4097-95BF-2BD95306EE97}.Release|ARM.Build.0 = Release|ARM
		{C3EC2344-7675-4097-95BF-2BD95306EE97}.Release|ARM.Deploy.0 = Release|ARM
		{C3EC2344-7675-4097-95BF-2BD95306EE97}.Release|iPhone.ActiveCfg = Release|Any CPU
		{C3EC2344-7675-4097-95BF-2BD95306EE97}.Release|iPhone.Build.0 = Release|Any CPU
		{C3EC2344-7675-4097-95BF-2BD95306EE97}.Release|iPhone.Deploy.0 = Release|Any CPU
		{C3EC2344-7675-4097-95BF-2BD95306EE97}.Release|iPhoneSimulator.ActiveCfg = Release|Any CPU
		{C3EC2344-7675-4097-95BF-2BD95306EE97}.Release|iPhoneSimulator.Build.0 = Release|Any CPU
		{C3EC2344-7675-4097-95BF-2BD95306EE97}.Release|iPhoneSimulator.Deploy.0 = Release|Any CPU
		{C3EC2344-7675-4097-95BF-2BD95306EE97}.Release|x64.ActiveCfg = Release|Any CPU
		{C3EC2344-7675-4097-95BF-2BD95306EE97}.Release|x64.Build.0 = Release|Any CPU
		{C3EC2344-7675-4097-95BF-2BD95306EE97}.Release|x64.Deploy.0 = Release|Any CPU
		{C3EC2344-7675-4097-95BF-2BD95306EE97}.Release|x86.ActiveCfg = Release|x86
		{C3EC2344-7675-4097-95BF-2BD95306EE97}.Release|x86.Build.0 = Release|x86
		{C3EC2344-7675-4097-95BF-2BD95306EE97}.Release|x86.Deploy.0 = Release|x86
		{A8DBB634-FEED-4EBF-A909-6E060087DA18}.Ad-Hoc|Any CPU.ActiveCfg = Release|x86
		{A8DBB634-FEED-4EBF-A909-6E060087DA18}.Ad-Hoc|Any CPU.Build.0 = Release|x86
		{A8DBB634-FEED-4EBF-A909-6E060087DA18}.Ad-Hoc|Any CPU.Deploy.0 = Release|x86
		{A8DBB634-FEED-4EBF-A909-6E060087DA18}.Ad-Hoc|ARM.ActiveCfg = Release|ARM
		{A8DBB634-FEED-4EBF-A909-6E060087DA18}.Ad-Hoc|ARM.Build.0 = Release|ARM
		{A8DBB634-FEED-4EBF-A909-6E060087DA18}.Ad-Hoc|ARM.Deploy.0 = Release|ARM
		{A8DBB634-FEED-4EBF-A909-6E060087DA18}.Ad-Hoc|iPhone.ActiveCfg = Release|x86
		{A8DBB634-FEED-4EBF-A909-6E060087DA18}.Ad-Hoc|iPhone.Build.0 = Release|x86
		{A8DBB634-FEED-4EBF-A909-6E060087DA18}.Ad-Hoc|iPhone.Deploy.0 = Release|x86
		{A8DBB634-FEED-4EBF-A909-6E060087DA18}.Ad-Hoc|iPhoneSimulator.ActiveCfg = Release|x86
		{A8DBB634-FEED-4EBF-A909-6E060087DA18}.Ad-Hoc|iPhoneSimulator.Build.0 = Release|x86
		{A8DBB634-FEED-4EBF-A909-6E060087DA18}.Ad-Hoc|iPhoneSimulator.Deploy.0 = Release|x86
		{A8DBB634-FEED-4EBF-A909-6E060087DA18}.Ad-Hoc|x64.ActiveCfg = Release|x64
		{A8DBB634-FEED-4EBF-A909-6E060087DA18}.Ad-Hoc|x64.Build.0 = Release|x64
		{A8DBB634-FEED-4EBF-A909-6E060087DA18}.Ad-Hoc|x64.Deploy.0 = Release|x64
		{A8DBB634-FEED-4EBF-A909-6E060087DA18}.Ad-Hoc|x86.ActiveCfg = Release|x86
		{A8DBB634-FEED-4EBF-A909-6E060087DA18}.Ad-Hoc|x86.Build.0 = Release|x86
		{A8DBB634-FEED-4EBF-A909-6E060087DA18}.Ad-Hoc|x86.Deploy.0 = Release|x86
		{A8DBB634-FEED-4EBF-A909-6E060087DA18}.AppStore|Any CPU.ActiveCfg = Release|x86
		{A8DBB634-FEED-4EBF-A909-6E060087DA18}.AppStore|Any CPU.Build.0 = Release|x86
		{A8DBB634-FEED-4EBF-A909-6E060087DA18}.AppStore|Any CPU.Deploy.0 = Release|x86
		{A8DBB634-FEED-4EBF-A909-6E060087DA18}.AppStore|ARM.ActiveCfg = Release|ARM
		{A8DBB634-FEED-4EBF-A909-6E060087DA18}.AppStore|ARM.Build.0 = Release|ARM
		{A8DBB634-FEED-4EBF-A909-6E060087DA18}.AppStore|ARM.Deploy.0 = Release|ARM
		{A8DBB634-FEED-4EBF-A909-6E060087DA18}.AppStore|iPhone.ActiveCfg = Release|x86
		{A8DBB634-FEED-4EBF-A909-6E060087DA18}.AppStore|iPhone.Build.0 = Release|x86
		{A8DBB634-FEED-4EBF-A909-6E060087DA18}.AppStore|iPhone.Deploy.0 = Release|x86
		{A8DBB634-FEED-4EBF-A909-6E060087DA18}.AppStore|iPhoneSimulator.ActiveCfg = Release|x86
		{A8DBB634-FEED-4EBF-A909-6E060087DA18}.AppStore|iPhoneSimulator.Build.0 = Release|x86
		{A8DBB634-FEED-4EBF-A909-6E060087DA18}.AppStore|iPhoneSimulator.Deploy.0 = Release|x86
		{A8DBB634-FEED-4EBF-A909-6E060087DA18}.AppStore|x64.ActiveCfg = Release|x64
		{A8DBB634-FEED-4EBF-A909-6E060087DA18}.AppStore|x64.Build.0 = Release|x64
		{A8DBB634-FEED-4EBF-A909-6E060087DA18}.AppStore|x64.Deploy.0 = Release|x64
		{A8DBB634-FEED-4EBF-A909-6E060087DA18}.AppStore|x86.ActiveCfg = Release|x86
		{A8DBB634-FEED-4EBF-A909-6E060087DA18}.AppStore|x86.Build.0 = Release|x86
		{A8DBB634-FEED-4EBF-A909-6E060087DA18}.AppStore|x86.Deploy.0 = Release|x86
		{A8DBB634-FEED-4EBF-A909-6E060087DA18}.Debug|Any CPU.ActiveCfg = Debug|x86
		{A8DBB634-FEED-4EBF-A909-6E060087DA18}.Debug|ARM.ActiveCfg = Debug|ARM
		{A8DBB634-FEED-4EBF-A909-6E060087DA18}.Debug|ARM.Build.0 = Debug|ARM
		{A8DBB634-FEED-4EBF-A909-6E060087DA18}.Debug|ARM.Deploy.0 = Debug|ARM
		{A8DBB634-FEED-4EBF-A909-6E060087DA18}.Debug|iPhone.ActiveCfg = Debug|x86
		{A8DBB634-FEED-4EBF-A909-6E060087DA18}.Debug|iPhoneSimulator.ActiveCfg = Debug|x86
		{A8DBB634-FEED-4EBF-A909-6E060087DA18}.Debug|x64.ActiveCfg = Debug|x64
		{A8DBB634-FEED-4EBF-A909-6E060087DA18}.Debug|x64.Build.0 = Debug|x64
		{A8DBB634-FEED-4EBF-A909-6E060087DA18}.Debug|x64.Deploy.0 = Debug|x64
		{A8DBB634-FEED-4EBF-A909-6E060087DA18}.Debug|x86.ActiveCfg = Debug|x86
		{A8DBB634-FEED-4EBF-A909-6E060087DA18}.Debug|x86.Build.0 = Debug|x86
		{A8DBB634-FEED-4EBF-A909-6E060087DA18}.Debug|x86.Deploy.0 = Debug|x86
		{A8DBB634-FEED-4EBF-A909-6E060087DA18}.Release|Any CPU.ActiveCfg = Release|x86
		{A8DBB634-FEED-4EBF-A909-6E060087DA18}.Release|ARM.ActiveCfg = Release|ARM
		{A8DBB634-FEED-4EBF-A909-6E060087DA18}.Release|ARM.Build.0 = Release|ARM
		{A8DBB634-FEED-4EBF-A909-6E060087DA18}.Release|ARM.Deploy.0 = Release|ARM
		{A8DBB634-FEED-4EBF-A909-6E060087DA18}.Release|iPhone.ActiveCfg = Release|x86
		{A8DBB634-FEED-4EBF-A909-6E060087DA18}.Release|iPhoneSimulator.ActiveCfg = Release|x86
		{A8DBB634-FEED-4EBF-A909-6E060087DA18}.Release|x64.ActiveCfg = Release|x64
		{A8DBB634-FEED-4EBF-A909-6E060087DA18}.Release|x64.Build.0 = Release|x64
		{A8DBB634-FEED-4EBF-A909-6E060087DA18}.Release|x64.Deploy.0 = Release|x64
		{A8DBB634-FEED-4EBF-A909-6E060087DA18}.Release|x86.ActiveCfg = Release|x86
		{A8DBB634-FEED-4EBF-A909-6E060087DA18}.Release|x86.Build.0 = Release|x86
		{A8DBB634-FEED-4EBF-A909-6E060087DA18}.Release|x86.Deploy.0 = Release|x86
		{5C6984EC-C843-4C28-AD0E-212608C63D54}.Ad-Hoc|Any CPU.ActiveCfg = Release|Any CPU
		{5C6984EC-C843-4C28-AD0E-212608C63D54}.Ad-Hoc|Any CPU.Build.0 = Release|Any CPU
		{5C6984EC-C843-4C28-AD0E-212608C63D54}.Ad-Hoc|Any CPU.Deploy.0 = Release|Any CPU
		{5C6984EC-C843-4C28-AD0E-212608C63D54}.Ad-Hoc|ARM.ActiveCfg = Release|ARM
		{5C6984EC-C843-4C28-AD0E-212608C63D54}.Ad-Hoc|ARM.Build.0 = Release|ARM
		{5C6984EC-C843-4C28-AD0E-212608C63D54}.Ad-Hoc|ARM.Deploy.0 = Release|ARM
		{5C6984EC-C843-4C28-AD0E-212608C63D54}.Ad-Hoc|iPhone.ActiveCfg = Release|Any CPU
		{5C6984EC-C843-4C28-AD0E-212608C63D54}.Ad-Hoc|iPhone.Build.0 = Release|Any CPU
		{5C6984EC-C843-4C28-AD0E-212608C63D54}.Ad-Hoc|iPhone.Deploy.0 = Release|Any CPU
		{5C6984EC-C843-4C28-AD0E-212608C63D54}.Ad-Hoc|iPhoneSimulator.ActiveCfg = Release|Any CPU
		{5C6984EC-C843-4C28-AD0E-212608C63D54}.Ad-Hoc|iPhoneSimulator.Build.0 = Release|Any CPU
		{5C6984EC-C843-4C28-AD0E-212608C63D54}.Ad-Hoc|iPhoneSimulator.Deploy.0 = Release|Any CPU
		{5C6984EC-C843-4C28-AD0E-212608C63D54}.Ad-Hoc|x64.ActiveCfg = Release|x64
		{5C6984EC-C843-4C28-AD0E-212608C63D54}.Ad-Hoc|x64.Build.0 = Release|x64
		{5C6984EC-C843-4C28-AD0E-212608C63D54}.Ad-Hoc|x64.Deploy.0 = Release|x64
		{5C6984EC-C843-4C28-AD0E-212608C63D54}.Ad-Hoc|x86.ActiveCfg = Release|x86
		{5C6984EC-C843-4C28-AD0E-212608C63D54}.Ad-Hoc|x86.Build.0 = Release|x86
		{5C6984EC-C843-4C28-AD0E-212608C63D54}.Ad-Hoc|x86.Deploy.0 = Release|x86
		{5C6984EC-C843-4C28-AD0E-212608C63D54}.AppStore|Any CPU.ActiveCfg = Release|Any CPU
		{5C6984EC-C843-4C28-AD0E-212608C63D54}.AppStore|Any CPU.Build.0 = Release|Any CPU
		{5C6984EC-C843-4C28-AD0E-212608C63D54}.AppStore|Any CPU.Deploy.0 = Release|Any CPU
		{5C6984EC-C843-4C28-AD0E-212608C63D54}.AppStore|ARM.ActiveCfg = Release|ARM
		{5C6984EC-C843-4C28-AD0E-212608C63D54}.AppStore|ARM.Build.0 = Release|ARM
		{5C6984EC-C843-4C28-AD0E-212608C63D54}.AppStore|ARM.Deploy.0 = Release|ARM
		{5C6984EC-C843-4C28-AD0E-212608C63D54}.AppStore|iPhone.ActiveCfg = Release|Any CPU
		{5C6984EC-C843-4C28-AD0E-212608C63D54}.AppStore|iPhone.Build.0 = Release|Any CPU
		{5C6984EC-C843-4C28-AD0E-212608C63D54}.AppStore|iPhone.Deploy.0 = Release|Any CPU
		{5C6984EC-C843-4C28-AD0E-212608C63D54}.AppStore|iPhoneSimulator.ActiveCfg = Release|Any CPU
		{5C6984EC-C843-4C28-AD0E-212608C63D54}.AppStore|iPhoneSimulator.Build.0 = Release|Any CPU
		{5C6984EC-C843-4C28-AD0E-212608C63D54}.AppStore|iPhoneSimulator.Deploy.0 = Release|Any CPU
		{5C6984EC-C843-4C28-AD0E-212608C63D54}.AppStore|x64.ActiveCfg = Release|x64
		{5C6984EC-C843-4C28-AD0E-212608C63D54}.AppStore|x64.Build.0 = Release|x64
		{5C6984EC-C843-4C28-AD0E-212608C63D54}.AppStore|x64.Deploy.0 = Release|x64
		{5C6984EC-C843-4C28-AD0E-212608C63D54}.AppStore|x86.ActiveCfg = Release|x86
		{5C6984EC-C843-4C28-AD0E-212608C63D54}.AppStore|x86.Build.0 = Release|x86
		{5C6984EC-C843-4C28-AD0E-212608C63D54}.AppStore|x86.Deploy.0 = Release|x86
		{5C6984EC-C843-4C28-AD0E-212608C63D54}.Debug|Any CPU.ActiveCfg = Debug|Any CPU
		{5C6984EC-C843-4C28-AD0E-212608C63D54}.Debug|Any CPU.Build.0 = Debug|Any CPU
		{5C6984EC-C843-4C28-AD0E-212608C63D54}.Debug|Any CPU.Deploy.0 = Debug|Any CPU
		{5C6984EC-C843-4C28-AD0E-212608C63D54}.Debug|ARM.ActiveCfg = Debug|ARM
		{5C6984EC-C843-4C28-AD0E-212608C63D54}.Debug|ARM.Build.0 = Debug|ARM
		{5C6984EC-C843-4C28-AD0E-212608C63D54}.Debug|ARM.Deploy.0 = Debug|ARM
		{5C6984EC-C843-4C28-AD0E-212608C63D54}.Debug|iPhone.ActiveCfg = Debug|Any CPU
		{5C6984EC-C843-4C28-AD0E-212608C63D54}.Debug|iPhone.Build.0 = Debug|Any CPU
		{5C6984EC-C843-4C28-AD0E-212608C63D54}.Debug|iPhone.Deploy.0 = Debug|Any CPU
		{5C6984EC-C843-4C28-AD0E-212608C63D54}.Debug|iPhoneSimulator.ActiveCfg = Debug|Any CPU
		{5C6984EC-C843-4C28-AD0E-212608C63D54}.Debug|iPhoneSimulator.Build.0 = Debug|Any CPU
		{5C6984EC-C843-4C28-AD0E-212608C63D54}.Debug|iPhoneSimulator.Deploy.0 = Debug|Any CPU
		{5C6984EC-C843-4C28-AD0E-212608C63D54}.Debug|x64.ActiveCfg = Debug|x64
		{5C6984EC-C843-4C28-AD0E-212608C63D54}.Debug|x64.Build.0 = Debug|x64
		{5C6984EC-C843-4C28-AD0E-212608C63D54}.Debug|x64.Deploy.0 = Debug|x64
		{5C6984EC-C843-4C28-AD0E-212608C63D54}.Debug|x86.ActiveCfg = Debug|x86
		{5C6984EC-C843-4C28-AD0E-212608C63D54}.Debug|x86.Build.0 = Debug|x86
		{5C6984EC-C843-4C28-AD0E-212608C63D54}.Debug|x86.Deploy.0 = Debug|x86
		{5C6984EC-C843-4C28-AD0E-212608C63D54}.Release|Any CPU.ActiveCfg = Release|Any CPU
		{5C6984EC-C843-4C28-AD0E-212608C63D54}.Release|Any CPU.Build.0 = Release|Any CPU
		{5C6984EC-C843-4C28-AD0E-212608C63D54}.Release|Any CPU.Deploy.0 = Release|Any CPU
		{5C6984EC-C843-4C28-AD0E-212608C63D54}.Release|ARM.ActiveCfg = Release|ARM
		{5C6984EC-C843-4C28-AD0E-212608C63D54}.Release|ARM.Build.0 = Release|ARM
		{5C6984EC-C843-4C28-AD0E-212608C63D54}.Release|ARM.Deploy.0 = Release|ARM
		{5C6984EC-C843-4C28-AD0E-212608C63D54}.Release|iPhone.ActiveCfg = Release|Any CPU
		{5C6984EC-C843-4C28-AD0E-212608C63D54}.Release|iPhone.Build.0 = Release|Any CPU
		{5C6984EC-C843-4C28-AD0E-212608C63D54}.Release|iPhone.Deploy.0 = Release|Any CPU
		{5C6984EC-C843-4C28-AD0E-212608C63D54}.Release|iPhoneSimulator.ActiveCfg = Release|Any CPU
		{5C6984EC-C843-4C28-AD0E-212608C63D54}.Release|iPhoneSimulator.Build.0 = Release|Any CPU
		{5C6984EC-C843-4C28-AD0E-212608C63D54}.Release|iPhoneSimulator.Deploy.0 = Release|Any CPU
		{5C6984EC-C843-4C28-AD0E-212608C63D54}.Release|x64.ActiveCfg = Release|x64
		{5C6984EC-C843-4C28-AD0E-212608C63D54}.Release|x64.Build.0 = Release|x64
		{5C6984EC-C843-4C28-AD0E-212608C63D54}.Release|x64.Deploy.0 = Release|x64
		{5C6984EC-C843-4C28-AD0E-212608C63D54}.Release|x86.ActiveCfg = Release|x86
		{5C6984EC-C843-4C28-AD0E-212608C63D54}.Release|x86.Build.0 = Release|x86
		{5C6984EC-C843-4C28-AD0E-212608C63D54}.Release|x86.Deploy.0 = Release|x86
	EndGlobalSection
	GlobalSection(SolutionProperties) = preSolution
		HideSolutionNode = FALSE
	EndGlobalSection
EndGlobal
